
Microsoft Visual Studio Solution File, Format Version 12.00
# Visual Studio Version 17
VisualStudioVersion = 17.10.35122.118
MinimumVisualStudioVersion = 10.0.40219.1
Project("{9A19103F-16F7-4668-BE54-9A1E7A4F7556}") = "CreateUsers", "CreateUsers\CreateUsers.csproj", "{EF62E695-C6CD-4B30-B099-0D75424CAC7C}"
EndProject
Project("{FAE04EC0-301F-11D3-BF4B-00C04F79EFBC}") = "CreateUsersDesktop", "CreateUsersDesktop\CreateUsersDesktop.csproj", "{102E0A4F-ED81-492B-925A-D5FB743FAE6C}"
EndProject
Global
	GlobalSection(SolutionConfigurationPlatforms) = preSolution
		Debug|Any CPU = Debug|Any CPU
		Release|Any CPU = Release|Any CPU
	EndGlobalSection
	GlobalSection(ProjectConfigurationPlatforms) = postSolution
		{EF62E695-C6CD-4B30-B099-0D75424CAC7C}.Debug|Any CPU.ActiveCfg = Debug|Any CPU
		{EF62E695-C6CD-4B30-B099-0D75424CAC7C}.Debug|Any CPU.Build.0 = Debug|Any CPU
		{EF62E695-C6CD-4B30-B099-0D75424CAC7C}.Release|Any CPU.ActiveCfg = Release|Any CPU
		{EF62E695-C6CD-4B30-B099-0D75424CAC7C}.Release|Any CPU.Build.0 = Release|Any CPU
		{102E0A4F-ED81-492B-925A-D5FB743FAE6C}.Debug|Any CPU.ActiveCfg = Debug|Any CPU
		{102E0A4F-ED81-492B-925A-D5FB743FAE6C}.Debug|Any CPU.Build.0 = Debug|Any CPU
		{102E0A4F-ED81-492B-925A-D5FB743FAE6C}.Release|Any CPU.ActiveCfg = Release|Any CPU
		{102E0A4F-ED81-492B-925A-D5FB743FAE6C}.Release|Any CPU.Build.0 = Release|Any CPU
	EndGlobalSection
	GlobalSection(SolutionProperties) = preSolution
		HideSolutionNode = FALSE
	EndGlobalSection
	GlobalSection(ExtensibilityGlobals) = postSolution
		SolutionGuid = {B90AE8D0-54E2-48EC-BA2C-0AFC5569328A}
	EndGlobalSection
EndGlobal
